{
  "object": {
    "pins": [
      {
        "package": "swift-ast",
        "repositoryURL": "https://github.com/yanagiba/swift-ast",
        "state": {
          "branch": null,
          "revision": "2f483ca3b4d23742fce8f4df51306c83ed01e335",
          "version": "0.3.4"
        }
      }
    ]
  },
  "version": 1
}
